// !$*UTF8*$!
{
	archiveVersion = 1;
	classes = {
	};
	objectVersion = 50;
	objects = {

/* Begin PBXBuildFile section */
		040AEC1126D7C132008B2F4F /* CodeWithDesignAppApp.swift in Sources */ = {isa = PBXBuildFile; fileRef = 040AEBFE26D7C12C008B2F4F /* CodeWithDesignAppApp.swift */; };
		040AEC1226D7C132008B2F4F /* CodeWithDesignAppApp.swift in Sources */ = {isa = PBXBuildFile; fileRef = 040AEBFE26D7C12C008B2F4F /* CodeWithDesignAppApp.swift */; };
		040AEC1326D7C132008B2F4F /* ContentView.swift in Sources */ = {isa = PBXBuildFile; fileRef = 040AEBFF26D7C12C008B2F4F /* ContentView.swift */; };
		040AEC1426D7C132008B2F4F /* ContentView.swift in Sources */ = {isa = PBXBuildFile; fileRef = 040AEBFF26D7C12C008B2F4F /* ContentView.swift */; };
		040AEC1526D7C132008B2F4F /* Assets.xcassets in Resources */ = {isa = PBXBuildFile; fileRef = 040AEC0026D7C132008B2F4F /* Assets.xcassets */; };
		040AEC1626D7C132008B2F4F /* Assets.xcassets in Resources */ = {isa = PBXBuildFile; fileRef = 040AEC0026D7C132008B2F4F /* Assets.xcassets */; };
		040AEC2026D7DDB7008B2F4F /* CourseRow.swift in Sources */ = {isa = PBXBuildFile; fileRef = 040AEC1F26D7DDB7008B2F4F /* CourseRow.swift */; };
		040AEC2226D7EEDA008B2F4F /* CoursesView.swift in Sources */ = {isa = PBXBuildFile; fileRef = 040AEC2126D7EEDA008B2F4F /* CoursesView.swift */; };
		040AEC2426D7F377008B2F4F /* SideBar.swift in Sources */ = {isa = PBXBuildFile; fileRef = 040AEC2326D7F377008B2F4F /* SideBar.swift */; };
/* End PBXBuildFile section */

/* Begin PBXFileReference section */
		040AEBFE26D7C12C008B2F4F /* CodeWithDesignAppApp.swift */ = {isa = PBXFileReference; lastKnownFileType = sourcecode.swift; path = CodeWithDesignAppApp.swift; sourceTree = "<group>"; };
		040AEBFF26D7C12C008B2F4F /* ContentView.swift */ = {isa = PBXFileReference; lastKnownFileType = sourcecode.swift; path = ContentView.swift; sourceTree = "<group>"; };
		040AEC0026D7C132008B2F4F /* Assets.xcassets */ = {isa = PBXFileReference; lastKnownFileType = folder.assetcatalog; path = Assets.xcassets; sourceTree = "<group>"; };
		040AEC0526D7C132008B2F4F /* CodeWithDesignApp.app */ = {isa = PBXFileReference; explicitFileType = wrapper.application; includeInIndex = 0; path = CodeWithDesignApp.app; sourceTree = BUILT_PRODUCTS_DIR; };
		040AEC0826D7C132008B2F4F /* Info.plist */ = {isa = PBXFileReference; lastKnownFileType = text.plist.xml; path = Info.plist; sourceTree = "<group>"; };
		040AEC0D26D7C132008B2F4F /* CodeWithDesignApp.app */ = {isa = PBXFileReference; explicitFileType = wrapper.application; includeInIndex = 0; path = CodeWithDesignApp.app; sourceTree = BUILT_PRODUCTS_DIR; };
		040AEC0F26D7C132008B2F4F /* Info.plist */ = {isa = PBXFileReference; lastKnownFileType = text.plist.xml; path = Info.plist; sourceTree = "<group>"; };
		040AEC1026D7C132008B2F4F /* macOS.entitlements */ = {isa = PBXFileReference; lastKnownFileType = text.plist.entitlements; path = macOS.entitlements; sourceTree = "<group>"; };
		040AEC1F26D7DDB7008B2F4F /* CourseRow.swift */ = {isa = PBXFileReference; lastKnownFileType = sourcecode.swift; path = CourseRow.swift; sourceTree = "<group>"; };
		040AEC2126D7EEDA008B2F4F /* CoursesView.swift */ = {isa = PBXFileReference; lastKnownFileType = sourcecode.swift; path = CoursesView.swift; sourceTree = "<group>"; };
		040AEC2326D7F377008B2F4F /* SideBar.swift */ = {isa = PBXFileReference; lastKnownFileType = sourcecode.swift; path = SideBar.swift; sourceTree = "<group>"; };
/* End PBXFileReference section */

/* Begin PBXFrameworksBuildPhase section */
		040AEC0226D7C132008B2F4F /* Frameworks */ = {
			isa = PBXFrameworksBuildPhase;
			buildActionMask = 2147483647;
			files = (
			);
			runOnlyForDeploymentPostprocessing = 0;
		};
		040AEC0A26D7C132008B2F4F /* Frameworks */ = {
			isa = PBXFrameworksBuildPhase;
			buildActionMask = 2147483647;
			files = (
			);
			runOnlyForDeploymentPostprocessing = 0;
		};
/* End PBXFrameworksBuildPhase section */

/* Begin PBXGroup section */
		040AEBF826D7C12B008B2F4F = {
			isa = PBXGroup;
			children = (
				040AEBFD26D7C12C008B2F4F /* Shared */,
				040AEC0726D7C132008B2F4F /* iOS */,
				040AEC0E26D7C132008B2F4F /* macOS */,
				040AEC0626D7C132008B2F4F /* Products */,
			);
			sourceTree = "<group>";
		};
		040AEBFD26D7C12C008B2F4F /* Shared */ = {
			isa = PBXGroup;
			children = (
				040AEC1F26D7DDB7008B2F4F /* CourseRow.swift */,
				040AEC2126D7EEDA008B2F4F /* CoursesView.swift */,
				040AEC2326D7F377008B2F4F /* SideBar.swift */,
				040AEBFE26D7C12C008B2F4F /* CodeWithDesignAppApp.swift */,
				040AEBFF26D7C12C008B2F4F /* ContentView.swift */,
				040AEC0026D7C132008B2F4F /* Assets.xcassets */,
			);
			path = Shared;
			sourceTree = "<group>";
		};
		040AEC0626D7C132008B2F4F /* Products */ = {
			isa = PBXGroup;
			children = (
				040AEC0526D7C132008B2F4F /* CodeWithDesignApp.app */,
				040AEC0D26D7C132008B2F4F /* CodeWithDesignApp.app */,
			);
			name = Products;
			sourceTree = "<group>";
		};
		040AEC0726D7C132008B2F4F /* iOS */ = {
			isa = PBXGroup;
			children = (
				040AEC0826D7C132008B2F4F /* Info.plist */,
			);
			path = iOS;
			sourceTree = "<group>";
		};
		040AEC0E26D7C132008B2F4F /* macOS */ = {
			isa = PBXGroup;
			children = (
				040AEC0F26D7C132008B2F4F /* Info.plist */,
				040AEC1026D7C132008B2F4F /* macOS.entitlements */,
			);
			path = macOS;
			sourceTree = "<group>";
		};
/* End PBXGroup section */

/* Begin PBXNativeTarget section */
		040AEC0426D7C132008B2F4F /* CodeWithDesignApp (iOS) */ = {
			isa = PBXNativeTarget;
			buildConfigurationList = 040AEC1926D7C132008B2F4F /* Build configuration list for PBXNativeTarget "CodeWithDesignApp (iOS)" */;
			buildPhases = (
				040AEC0126D7C132008B2F4F /* Sources */,
				040AEC0226D7C132008B2F4F /* Frameworks */,
				040AEC0326D7C132008B2F4F /* Resources */,
			);
			buildRules = (
			);
			dependencies = (
			);
			name = "CodeWithDesignApp (iOS)";
			productName = "CodeWithDesignApp (iOS)";
			productReference = 040AEC0526D7C132008B2F4F /* CodeWithDesignApp.app */;
			productType = "com.apple.product-type.application";
		};
		040AEC0C26D7C132008B2F4F /* CodeWithDesignApp (macOS) */ = {
			isa = PBXNativeTarget;
			buildConfigurationList = 040AEC1C26D7C132008B2F4F /* Build configuration list for PBXNativeTarget "CodeWithDesignApp (macOS)" */;
			buildPhases = (
				040AEC0926D7C132008B2F4F /* Sources */,
				040AEC0A26D7C132008B2F4F /* Frameworks */,
				040AEC0B26D7C132008B2F4F /* Resources */,
			);
			buildRules = (
			);
			dependencies = (
			);
			name = "CodeWithDesignApp (macOS)";
			productName = "CodeWithDesignApp (macOS)";
			productReference = 040AEC0D26D7C132008B2F4F /* CodeWithDesignApp.app */;
			productType = "com.apple.product-type.application";
		};
/* End PBXNativeTarget section */

/* Begin PBXProject section */
		040AEBF926D7C12B008B2F4F /* Project object */ = {
			isa = PBXProject;
			attributes = {
				LastSwiftUpdateCheck = 1250;
				LastUpgradeCheck = 1250;
				TargetAttributes = {
					040AEC0426D7C132008B2F4F = {
						CreatedOnToolsVersion = 12.5.1;
					};
					040AEC0C26D7C132008B2F4F = {
						CreatedOnToolsVersion = 12.5.1;
					};
				};
			};
			buildConfigurationList = 040AEBFC26D7C12B008B2F4F /* Build configuration list for PBXProject "CodeWithDesignApp" */;
			compatibilityVersion = "Xcode 9.3";
			developmentRegion = en;
			hasScannedForEncodings = 0;
			knownRegions = (
				en,
				Base,
			);
			mainGroup = 040AEBF826D7C12B008B2F4F;
			productRefGroup = 040AEC0626D7C132008B2F4F /* Products */;
			projectDirPath = "";
			projectRoot = "";
			targets = (
				040AEC0426D7C132008B2F4F /* CodeWithDesignApp (iOS) */,
				040AEC0C26D7C132008B2F4F /* CodeWithDesignApp (macOS) */,
			);
		};
/* End PBXProject section */

/* Begin PBXResourcesBuildPhase section */
		040AEC0326D7C132008B2F4F /* Resources */ = {
			isa = PBXResourcesBuildPhase;
			buildActionMask = 2147483647;
			files = (
				040AEC1526D7C132008B2F4F /* Assets.xcassets in Resources */,
			);
			runOnlyForDeploymentPostprocessing = 0;
		};
		040AEC0B26D7C132008B2F4F /* Resources */ = {
			isa = PBXResourcesBuildPhase;
			buildActionMask = 2147483647;
			files = (
				040AEC1626D7C132008B2F4F /* Assets.xcassets in Resources */,
			);
			runOnlyForDeploymentPostprocessing = 0;
		};
/* End PBXResourcesBuildPhase section */

/* Begin PBXSourcesBuildPhase section */
		040AEC0126D7C132008B2F4F /* Sources */ = {
			isa = PBXSourcesBuildPhase;
			buildActionMask = 2147483647;
			files = (
				040AEC2426D7F377008B2F4F /* SideBar.swift in Sources */,
				040AEC1326D7C132008B2F4F /* ContentView.swift in Sources */,
				040AEC2026D7DDB7008B2F4F /* CourseRow.swift in Sources */,
				040AEC1126D7C132008B2F4F /* CodeWithDesignAppApp.swift in Sources */,
				040AEC2226D7EEDA008B2F4F /* CoursesView.swift in Sources */,
			);
			runOnlyForDeploymentPostprocessing = 0;
		};
		040AEC0926D7C132008B2F4F /* Sources */ = {
			isa = PBXSourcesBuildPhase;
			buildActionMask = 2147483647;
			files = (
				040AEC1426D7C132008B2F4F /* ContentView.swift in Sources */,
				040AEC1226D7C132008B2F4F /* CodeWithDesignAppApp.swift in Sources */,
			);
			runOnlyForDeploymentPostprocessing = 0;
		};
/* End PBXSourcesBuildPhase section */

/* Begin XCBuildConfiguration section */
		040AEC1726D7C132008B2F4F /* Debug */ = {
			isa = XCBuildConfiguration;
			buildSettings = {
				ALWAYS_SEARCH_USER_PATHS = NO;
				CLANG_ANALYZER_NONNULL = YES;
				CLANG_ANALYZER_NUMBER_OBJECT_CONVERSION = YES_AGGRESSIVE;
				CLANG_CXX_LANGUAGE_STANDARD = "gnu++14";
				CLANG_CXX_LIBRARY = "libc++";
				CLANG_ENABLE_MODULES = YES;
				CLANG_ENABLE_OBJC_ARC = YES;
				CLANG_ENABLE_OBJC_WEAK = YES;
				CLANG_WARN_BLOCK_CAPTURE_AUTORELEASING = YES;
				CLANG_WARN_BOOL_CONVERSION = YES;
				CLANG_WARN_COMMA = YES;
				CLANG_WARN_CONSTANT_CONVERSION = YES;
				CLANG_WARN_DEPRECATED_OBJC_IMPLEMENTATIONS = YES;
				CLANG_WARN_DIRECT_OBJC_ISA_USAGE = YES_ERROR;
				CLANG_WARN_DOCUMENTATION_COMMENTS = YES;
				CLANG_WARN_EMPTY_BODY = YES;
				CLANG_WARN_ENUM_CONVERSION = YES;
				CLANG_WARN_INFINITE_RECURSION = YES;
				CLANG_WARN_INT_CONVERSION = YES;
				CLANG_WARN_NON_LITERAL_NULL_CONVERSION = YES;
				CLANG_WARN_OBJC_IMPLICIT_RETAIN_SELF = YES;
				CLANG_WARN_OBJC_LITERAL_CONVERSION = YES;
				CLANG_WARN_OBJC_ROOT_CLASS = YES_ERROR;
				CLANG_WARN_QUOTED_INCLUDE_IN_FRAMEWORK_HEADER = YES;
				CLANG_WARN_RANGE_LOOP_ANALYSIS = YES;
				CLANG_WARN_STRICT_PROTOTYPES = YES;
				CLANG_WARN_SUSPICIOUS_MOVE = YES;
				CLANG_WARN_UNGUARDED_AVAILABILITY = YES_AGGRESSIVE;
				CLANG_WARN_UNREACHABLE_CODE = YES;
				CLANG_WARN__DUPLICATE_METHOD_MATCH = YES;
				COPY_PHASE_STRIP = NO;
				DEBUG_INFORMATION_FORMAT = dwarf;
				ENABLE_STRICT_OBJC_MSGSEND = YES;
				ENABLE_TESTABILITY = YES;
				GCC_C_LANGUAGE_STANDARD = gnu11;
				GCC_DYNAMIC_NO_PIC = NO;
				GCC_NO_COMMON_BLOCKS = YES;
				GCC_OPTIMIZATION_LEVEL = 0;
				GCC_PREPROCESSOR_DEFINITIONS = (
					"DEBUG=1",
					"$(inherited)",
				);
				GCC_WARN_64_TO_32_BIT_CONVERSION = YES;
				GCC_WARN_ABOUT_RETURN_TYPE = YES_ERROR;
				GCC_WARN_UNDECLARED_SELECTOR = YES;
				GCC_WARN_UNINITIALIZED_AUTOS = YES_AGGRESSIVE;
				GCC_WARN_UNUSED_FUNCTION = YES;
				GCC_WARN_UNUSED_VARIABLE = YES;
				MTL_ENABLE_DEBUG_INFO = INCLUDE_SOURCE;
				MTL_FAST_MATH = YES;
				ONLY_ACTIVE_ARCH = YES;
				SWIFT_ACTIVE_COMPILATION_CONDITIONS = DEBUG;
				SWIFT_OPTIMIZATION_LEVEL = "-Onone";
			};
			name = Debug;
		};
		040AEC1826D7C132008B2F4F /* Release */ = {
			isa = XCBuildConfiguration;
			buildSettings = {
				ALWAYS_SEARCH_USER_PATHS = NO;
				CLANG_ANALYZER_NONNULL = YES;
				CLANG_ANALYZER_NUMBER_OBJECT_CONVERSION = YES_AGGRESSIVE;
				CLANG_CXX_LANGUAGE_STANDARD = "gnu++14";
				CLANG_CXX_LIBRARY = "libc++";
				CLANG_ENABLE_MODULES = YES;
				CLANG_ENABLE_OBJC_ARC = YES;
				CLANG_ENABLE_OBJC_WEAK = YES;
				CLANG_WARN_BLOCK_CAPTURE_AUTORELEASING = YES;
				CLANG_WARN_BOOL_CONVERSION = YES;
				CLANG_WARN_COMMA = YES;
				CLANG_WARN_CONSTANT_CONVERSION = YES;
				CLANG_WARN_DEPRECATED_OBJC_IMPLEMENTATIONS = YES;
				CLANG_WARN_DIRECT_OBJC_ISA_USAGE = YES_ERROR;
				CLANG_WARN_DOCUMENTATION_COMMENTS = YES;
				CLANG_WARN_EMPTY_BODY = YES;
				CLANG_WARN_ENUM_CONVERSION = YES;
				CLANG_WARN_INFINITE_RECURSION = YES;
				CLANG_WARN_INT_CONVERSION = YES;
				CLANG_WARN_NON_LITERAL_NULL_CONVERSION = YES;
				CLANG_WARN_OBJC_IMPLICIT_RETAIN_SELF = YES;
				CLANG_WARN_OBJC_LITERAL_CONVERSION = YES;
				CLANG_WARN_OBJC_ROOT_CLASS = YES_ERROR;
				CLANG_WARN_QUOTED_INCLUDE_IN_FRAMEWORK_HEADER = YES;
				CLANG_WARN_RANGE_LOOP_ANALYSIS = YES;
				CLANG_WARN_STRICT_PROTOTYPES = YES;
				CLANG_WARN_SUSPICIOUS_MOVE = YES;
				CLANG_WARN_UNGUARDED_AVAILABILITY = YES_AGGRESSIVE;
				CLANG_WARN_UNREACHABLE_CODE = YES;
				CLANG_WARN__DUPLICATE_METHOD_MATCH = YES;
				COPY_PHASE_STRIP = NO;
				DEBUG_INFORMATION_FORMAT = "dwarf-with-dsym";
				ENABLE_NS_ASSERTIONS = NO;
				ENABLE_STRICT_OBJC_MSGSEND = YES;
				GCC_C_LANGUAGE_STANDARD = gnu11;
				GCC_NO_COMMON_BLOCKS = YES;
				GCC_WARN_64_TO_32_BIT_CONVERSION = YES;
				GCC_WARN_ABOUT_RETURN_TYPE = YES_ERROR;
				GCC_WARN_UNDECLARED_SELECTOR = YES;
				GCC_WARN_UNINITIALIZED_AUTOS = YES_AGGRESSIVE;
				GCC_WARN_UNUSED_FUNCTION = YES;
				GCC_WARN_UNUSED_VARIABLE = YES;
				MTL_ENABLE_DEBUG_INFO = NO;
				MTL_FAST_MATH = YES;
				SWIFT_COMPILATION_MODE = wholemodule;
				SWIFT_OPTIMIZATION_LEVEL = "-O";
			};
			name = Release;
		};
		040AEC1A26D7C132008B2F4F /* Debug */ = {
			isa = XCBuildConfiguration;
			buildSettings = {
				ASSETCATALOG_COMPILER_APPICON_NAME = AppIcon;
				ASSETCATALOG_COMPILER_GLOBAL_ACCENT_COLOR_NAME = AccentColor;
				CODE_SIGN_STYLE = Automatic;
				DEVELOPMENT_TEAM = WT77VV47BZ;
				ENABLE_PREVIEWS = YES;
				INFOPLIST_FILE = iOS/Info.plist;
				IPHONEOS_DEPLOYMENT_TARGET = 14.0;
				LD_RUNPATH_SEARCH_PATHS = (
					"$(inherited)",
					"@executable_path/Frameworks",
				);
				PRODUCT_BUNDLE_IDENTIFIER = "com.tony-kara.CodeWithDesignApp";
				PRODUCT_NAME = CodeWithDesignApp;
				SDKROOT = iphoneos;
				SWIFT_VERSION = 5.0;
				TARGETED_DEVICE_FAMILY = "1,2";
			};
			name = Debug;
		};
		040AEC1B26D7C132008B2F4F /* Release */ = {
			isa = XCBuildConfiguration;
			buildSettings = {
				ASSETCATALOG_COMPILER_APPICON_NAME = AppIcon;
				ASSETCATALOG_COMPILER_GLOBAL_ACCENT_COLOR_NAME = AccentColor;
				CODE_SIGN_STYLE = Automatic;
				DEVELOPMENT_TEAM = WT77VV47BZ;
				ENABLE_PREVIEWS = YES;
				INFOPLIST_FILE = iOS/Info.plist;
				IPHONEOS_DEPLOYMENT_TARGET = 14.0;
				LD_RUNPATH_SEARCH_PATHS = (
					"$(inherited)",
					"@executable_path/Frameworks",
				);
				PRODUCT_BUNDLE_IDENTIFIER = "com.tony-kara.CodeWithDesignApp";
				PRODUCT_NAME = CodeWithDesignApp;
				SDKROOT = iphoneos;
				SWIFT_VERSION = 5.0;
				TARGETED_DEVICE_FAMILY = "1,2";
				VALIDATE_PRODUCT = YES;
			};
			name = Release;
		};
		040AEC1D26D7C132008B2F4F /* Debug */ = {
			isa = XCBuildConfiguration;
			buildSettings = {
				ASSETCATALOG_COMPILER_APPICON_NAME = AppIcon;
				ASSETCATALOG_COMPILER_GLOBAL_ACCENT_COLOR_NAME = AccentColor;
				CODE_SIGN_ENTITLEMENTS = macOS/macOS.entitlements;
				CODE_SIGN_STYLE = Automatic;
				COMBINE_HIDPI_IMAGES = YES;
				DEVELOPMENT_TEAM = WT77VV47BZ;
				ENABLE_HARDENED_RUNTIME = YES;
				ENABLE_PREVIEWS = YES;
				INFOPLIST_FILE = macOS/Info.plist;
				LD_RUNPATH_SEARCH_PATHS = (
					"$(inherited)",
					"@executable_path/../Frameworks",
				);
				MACOSX_DEPLOYMENT_TARGET = 11.0;
				PRODUCT_BUNDLE_IDENTIFIER = "com.tony-kara.CodeWithDesignApp";
				PRODUCT_NAME = CodeWithDesignApp;
				SDKROOT = macosx;
				SWIFT_VERSION = 5.0;
			};
			name = Debug;
		};
		040AEC1E26D7C132008B2F4F /* Release */ = {
			isa = XCBuildConfiguration;
			buildSettings = {
				ASSETCATALOG_COMPILER_APPICON_NAME = AppIcon;
				ASSETCATALOG_COMPILER_GLOBAL_ACCENT_COLOR_NAME = AccentColor;
				CODE_SIGN_ENTITLEMENTS = macOS/macOS.entitlements;
				CODE_SIGN_STYLE = Automatic;
				COMBINE_HIDPI_IMAGES = YES;
				DEVELOPMENT_TEAM = WT77VV47BZ;
				ENABLE_HARDENED_RUNTIME = YES;
				ENABLE_PREVIEWS = YES;
				INFOPLIST_FILE = macOS/Info.plist;
				LD_RUNPATH_SEARCH_PATHS = (
					"$(inherited)",
					"@executable_path/../Frameworks",
				);
				MACOSX_DEPLOYMENT_TARGET = 11.0;
				PRODUCT_BUNDLE_IDENTIFIER = "com.tony-kara.CodeWithDesignApp";
				PRODUCT_NAME = CodeWithDesignApp;
				SDKROOT = macosx;
				SWIFT_VERSION = 5.0;
			};
			name = Release;
		};
/* End XCBuildConfiguration section */

/* Begin XCConfigurationList section */
		040AEBFC26D7C12B008B2F4F /* Build configuration list for PBXProject "CodeWithDesignApp" */ = {
			isa = XCConfigurationList;
			buildConfigurations = (
				040AEC1726D7C132008B2F4F /* Debug */,
				040AEC1826D7C132008B2F4F /* Release */,
			);
			defaultConfigurationIsVisible = 0;
			defaultConfigurationName = Release;
		};
		040AEC1926D7C132008B2F4F /* Build configuration list for PBXNativeTarget "CodeWithDesignApp (iOS)" */ = {
			isa = XCConfigurationList;
			buildConfigurations = (
				040AEC1A26D7C132008B2F4F /* Debug */,
				040AEC1B26D7C132008B2F4F /* Release */,
			);
			defaultConfigurationIsVisible = 0;
			defaultConfigurationName = Release;
		};
		040AEC1C26D7C132008B2F4F /* Build configuration list for PBXNativeTarget "CodeWithDesignApp (macOS)" */ = {
			isa = XCConfigurationList;
			buildConfigurations = (
				040AEC1D26D7C132008B2F4F /* Debug */,
				040AEC1E26D7C132008B2F4F /* Release */,
			);
			defaultConfigurationIsVisible = 0;
			defaultConfigurationName = Release;
		};
/* End XCConfigurationList section */
	};
	rootObject = 040AEBF926D7C12B008B2F4F /* Project object */;
}
